
Microsoft Visual Studio Solution File, Format Version 12.00
# Visual Studio Version 17
VisualStudioVersion = 17.0.31903.59
MinimumVisualStudioVersion = 10.0.40219.1
Project("{888888A0-9F3D-457C-B088-3A5042F75D52}") = "Ursina", "Ursina\Ursina.pyproj", "{FD502824-EA78-4E14-A31D-1D913A0C51E3}"
EndProject
Global
	GlobalSection(SolutionConfigurationPlatforms) = preSolution
		Debug|Any CPU = Debug|Any CPU
		Release|Any CPU = Release|Any CPU
	EndGlobalSection
	GlobalSection(ProjectConfigurationPlatforms) = postSolution
		{FD502824-EA78-4E14-A31D-1D913A0C51E3}.Debug|Any CPU.ActiveCfg = Debug|Any CPU
		{FD502824-EA78-4E14-A31D-1D913A0C51E3}.Release|Any CPU.ActiveCfg = Release|Any CPU
	EndGlobalSection
	GlobalSection(SolutionProperties) = preSolution
		HideSolutionNode = FALSE
	EndGlobalSection
	GlobalSection(ExtensibilityGlobals) = postSolution
		SolutionGuid = {69795B0F-78C2-4E8B-AA2E-47378CC2E6ED}
	EndGlobalSection
EndGlobal
